{
  "nodes": {
    "nixpkgs": {
      "locked": {
        "lastModified": 1767742372,
        "narHash": "sha256-3zSML8xJhOT2kRBCNUpniZSCeCBCPA3KGsRYh+KdtbU=",
        "type": "tarball",
        "url": "https://mirrors.ustc.edu.cn/nix-channels/nixos-25.05/nixexprs.tar.xz"
      },
      "original": {
        "type": "tarball",
        "url": "https://mirrors.ustc.edu.cn/nix-channels/nixos-25.05/nixexprs.tar.xz"
      }
    },
    "root": {
      "inputs": {
        "nixpkgs": "nixpkgs"
      }
    }
  },
  "root": "root",
  "version": 7
}
